
Microsoft Visual Studio Solution File, Format Version 12.00
Project("{FAE04EC0-301F-11D3-BF4B-00C04F79EFBC}") = "TrafficTracer", "TrafficTracer\TrafficTracer.csproj", "{BE5B214C-945C-4C7B-9A10-681E1C7294F1}"
EndProject
Global
	GlobalSection(SolutionConfigurationPlatforms) = preSolution
		Debug|Any CPU = Debug|Any CPU
		Release|Any CPU = Release|Any CPU
	EndGlobalSection
	GlobalSection(ProjectConfigurationPlatforms) = postSolution
		{BE5B214C-945C-4C7B-9A10-681E1C7294F1}.Debug|Any CPU.ActiveCfg = Debug|Any CPU
		{BE5B214C-945C-4C7B-9A10-681E1C7294F1}.Debug|Any CPU.Build.0 = Debug|Any CPU
		{BE5B214C-945C-4C7B-9A10-681E1C7294F1}.Release|Any CPU.ActiveCfg = Release|Any CPU
		{BE5B214C-945C-4C7B-9A10-681E1C7294F1}.Release|Any CPU.Build.0 = Release|Any CPU
	EndGlobalSection
EndGlobal
